<Solution>
  <Folder Name="/src/">
    <Project Path="src/DemaConsulting.Speech/DemaConsulting.Speech.csproj" />
    <Project Path="src/DemaConsulting.Speech.Sherpa/DemaConsulting.Speech.Sherpa.csproj" />
    <Project Path="src/DemaConsulting.Speech.Onnx/DemaConsulting.Speech.Onnx.csproj" />
    <Project Path="src/DemaConsulting.Speech.Onnx.Kokoro/DemaConsulting.Speech.Onnx.Kokoro.csproj" />
    <Project Path="src/DemaConsulting.Speech.Onnx.NemotronStt/DemaConsulting.Speech.Onnx.NemotronStt.csproj" />
    <Project Path="src/DemaConsulting.Speech.Demo/DemaConsulting.Speech.Demo.csproj" />
    <Project Path="src/DemaConsulting.Speech.Cli/DemaConsulting.Speech.Cli.csproj" />
  </Folder>
  <Folder Name="/test/">
    <Project Path="test/DemaConsulting.Speech.Tests/DemaConsulting.Speech.Tests.csproj" />
    <Project Path="test/DemaConsulting.Speech.Sherpa.Tests/DemaConsulting.Speech.Sherpa.Tests.csproj" />
    <Project Path="test/DemaConsulting.Speech.Onnx.Tests/DemaConsulting.Speech.Onnx.Tests.csproj" />
    <Project Path="test/DemaConsulting.Speech.Onnx.Kokoro.Tests/DemaConsulting.Speech.Onnx.Kokoro.Tests.csproj" />
    <Project Path="test/DemaConsulting.Speech.Onnx.NemotronStt.Tests/DemaConsulting.Speech.Onnx.NemotronStt.Tests.csproj" />
    <Project Path="test/DemaConsulting.Speech.Demo.Tests/DemaConsulting.Speech.Demo.Tests.csproj" />
    <Project Path="test/DemaConsulting.Speech.Cli.Tests/DemaConsulting.Speech.Cli.Tests.csproj" />
  </Folder>
  <Folder Name="/tools/">
    <Project Path="tools/ModelDownloader/ModelDownloader.csproj" />
  </Folder>
</Solution>
